
Microsoft Visual Studio Solution File, Format Version 12.00
# Visual Studio Version 17
VisualStudioVersion = 17.5.33530.505
MinimumVisualStudioVersion = 10.0.40219.1
Project("{FAE04EC0-301F-11D3-BF4B-00C04F79EFBC}") = "EndlessGame", "EndlessGame\EndlessGame.csproj", "{F7902D2E-1386-4110-B0F7-DFDE728493B6}"
EndProject
Global
	GlobalSection(SolutionConfigurationPlatforms) = preSolution
		Debug|Any CPU = Debug|Any CPU
		Release|Any CPU = Release|Any CPU
	EndGlobalSection
	GlobalSection(ProjectConfigurationPlatforms) = postSolution
		{F7902D2E-1386-4110-B0F7-DFDE728493B6}.Debug|Any CPU.ActiveCfg = Debug|Any CPU
		{F7902D2E-1386-4110-B0F7-DFDE728493B6}.Debug|Any CPU.Build.0 = Debug|Any CPU
		{F7902D2E-1386-4110-B0F7-DFDE728493B6}.Release|Any CPU.ActiveCfg = Release|Any CPU
		{F7902D2E-1386-4110-B0F7-DFDE728493B6}.Release|Any CPU.Build.0 = Release|Any CPU
	EndGlobalSection
	GlobalSection(SolutionProperties) = preSolution
		HideSolutionNode = FALSE
	EndGlobalSection
	GlobalSection(ExtensibilityGlobals) = postSolution
		SolutionGuid = {54F13BE6-C6AD-450C-AEE6-E7263F99E837}
	EndGlobalSection
EndGlobal
